
Microsoft Visual Studio Solution File, Format Version 12.00
# Visual Studio Version 17
VisualStudioVersion = 17.0.31903.59
MinimumVisualStudioVersion = 10.0.40219.1
Project("{FAE04EC0-301F-11D3-BF4B-00C04F79EFBC}") = "Convertidor", "Convertidor\Convertidor.csproj", "{3F4D704E-6A0A-4382-B5A6-67FBB4D66C7E}"
EndProject
Project("{2150E333-8FDC-42A3-9474-1A3956D46DE8}") = "Ej1-2", "Ej1-2", "{7098F58C-1627-404A-8FC3-46120547488E}"
EndProject
Project("{FAE04EC0-301F-11D3-BF4B-00C04F79EFBC}") = "ConsoleApp1", "Ej1-2\ConsoleApp1\ConsoleApp1.csproj", "{EBAABC60-5767-4554-AC79-9B10A1023288}"
EndProject
Global
	GlobalSection(SolutionConfigurationPlatforms) = preSolution
		Debug|Any CPU = Debug|Any CPU
		Release|Any CPU = Release|Any CPU
	EndGlobalSection
	GlobalSection(ProjectConfigurationPlatforms) = postSolution
		{3F4D704E-6A0A-4382-B5A6-67FBB4D66C7E}.Debug|Any CPU.ActiveCfg = Debug|Any CPU
		{3F4D704E-6A0A-4382-B5A6-67FBB4D66C7E}.Debug|Any CPU.Build.0 = Debug|Any CPU
		{3F4D704E-6A0A-4382-B5A6-67FBB4D66C7E}.Release|Any CPU.ActiveCfg = Release|Any CPU
		{3F4D704E-6A0A-4382-B5A6-67FBB4D66C7E}.Release|Any CPU.Build.0 = Release|Any CPU
		{EBAABC60-5767-4554-AC79-9B10A1023288}.Debug|Any CPU.ActiveCfg = Debug|Any CPU
		{EBAABC60-5767-4554-AC79-9B10A1023288}.Debug|Any CPU.Build.0 = Debug|Any CPU
		{EBAABC60-5767-4554-AC79-9B10A1023288}.Release|Any CPU.ActiveCfg = Release|Any CPU
		{EBAABC60-5767-4554-AC79-9B10A1023288}.Release|Any CPU.Build.0 = Release|Any CPU
	EndGlobalSection
	GlobalSection(SolutionProperties) = preSolution
		HideSolutionNode = FALSE
	EndGlobalSection
	GlobalSection(NestedProjects) = preSolution
		{EBAABC60-5767-4554-AC79-9B10A1023288} = {7098F58C-1627-404A-8FC3-46120547488E}
	EndGlobalSection
EndGlobal
